
Microsoft Visual Studio Solution File, Format Version 12.00
# Visual Studio 15
VisualStudioVersion = 15.0.28010.2003
MinimumVisualStudioVersion = 10.0.40219.1
Project("{FAE04EC0-301F-11D3-BF4B-00C04F79EFBC}") = "Xamarin.SumUp.Android", "Xamarin.SumUp.Android\Xamarin.SumUp.Android.csproj", "{7576732D-3333-4FB5-9791-E5F1E8F478F9}"
EndProject
Project("{FAE04EC0-301F-11D3-BF4B-00C04F79EFBC}") = "Xamarin.Manchesterlib", "Xamarin.Manchesterlib\Xamarin.Manchesterlib.csproj", "{7510B9D7-CFBC-408C-8774-3845CD274B31}"
EndProject
Project("{FAE04EC0-301F-11D3-BF4B-00C04F79EFBC}") = "Xamarin.Midi", "Xamarin.Midi\Xamarin.Midi.csproj", "{6AE2E60F-8D7C-42ED-8E4A-A51D72FC1313}"
EndProject
Project("{FAE04EC0-301F-11D3-BF4B-00C04F79EFBC}") = "Xamarin.PDCore", "Xamarin.PDCore\Xamarin.PDCore.csproj", "{99BD0BA3-84F8-4448-9B26-88CB356538E0}"
EndProject
Project("{FAE04EC0-301F-11D3-BF4B-00C04F79EFBC}") = "Xamarin.SumUp.Android.Logging", "Xamarin.SumUp.Android.Logging\Xamarin.SumUp.Android.Logging.csproj", "{C80180C9-2DFC-47DE-9431-8CF267DE7DB0}"
EndProject
Project("{FAE04EC0-301F-11D3-BF4B-00C04F79EFBC}") = "Xamarin.Readerlib", "Xamarin.Readerlib\Xamarin.Readerlib.csproj", "{FFEC1146-9D9C-4E5F-9EFA-3525B5C0D2ED}"
EndProject
Global
	GlobalSection(SolutionConfigurationPlatforms) = preSolution
		Debug|Any CPU = Debug|Any CPU
		Release|Any CPU = Release|Any CPU
	EndGlobalSection
	GlobalSection(ProjectConfigurationPlatforms) = postSolution
		{7576732D-3333-4FB5-9791-E5F1E8F478F9}.Debug|Any CPU.ActiveCfg = Debug|Any CPU
		{7576732D-3333-4FB5-9791-E5F1E8F478F9}.Debug|Any CPU.Build.0 = Debug|Any CPU
		{7576732D-3333-4FB5-9791-E5F1E8F478F9}.Release|Any CPU.ActiveCfg = Release|Any CPU
		{7576732D-3333-4FB5-9791-E5F1E8F478F9}.Release|Any CPU.Build.0 = Release|Any CPU
		{7510B9D7-CFBC-408C-8774-3845CD274B31}.Debug|Any CPU.ActiveCfg = Debug|Any CPU
		{7510B9D7-CFBC-408C-8774-3845CD274B31}.Debug|Any CPU.Build.0 = Debug|Any CPU
		{7510B9D7-CFBC-408C-8774-3845CD274B31}.Release|Any CPU.ActiveCfg = Release|Any CPU
		{7510B9D7-CFBC-408C-8774-3845CD274B31}.Release|Any CPU.Build.0 = Release|Any CPU
		{6AE2E60F-8D7C-42ED-8E4A-A51D72FC1313}.Debug|Any CPU.ActiveCfg = Debug|Any CPU
		{6AE2E60F-8D7C-42ED-8E4A-A51D72FC1313}.Debug|Any CPU.Build.0 = Debug|Any CPU
		{6AE2E60F-8D7C-42ED-8E4A-A51D72FC1313}.Release|Any CPU.ActiveCfg = Release|Any CPU
		{6AE2E60F-8D7C-42ED-8E4A-A51D72FC1313}.Release|Any CPU.Build.0 = Release|Any CPU
		{99BD0BA3-84F8-4448-9B26-88CB356538E0}.Debug|Any CPU.ActiveCfg = Debug|Any CPU
		{99BD0BA3-84F8-4448-9B26-88CB356538E0}.Debug|Any CPU.Build.0 = Debug|Any CPU
		{99BD0BA3-84F8-4448-9B26-88CB356538E0}.Release|Any CPU.ActiveCfg = Release|Any CPU
		{99BD0BA3-84F8-4448-9B26-88CB356538E0}.Release|Any CPU.Build.0 = Release|Any CPU
		{C80180C9-2DFC-47DE-9431-8CF267DE7DB0}.Debug|Any CPU.ActiveCfg = Debug|Any CPU
		{C80180C9-2DFC-47DE-9431-8CF267DE7DB0}.Debug|Any CPU.Build.0 = Debug|Any CPU
		{C80180C9-2DFC-47DE-9431-8CF267DE7DB0}.Release|Any CPU.ActiveCfg = Release|Any CPU
		{C80180C9-2DFC-47DE-9431-8CF267DE7DB0}.Release|Any CPU.Build.0 = Release|Any CPU
		{FFEC1146-9D9C-4E5F-9EFA-3525B5C0D2ED}.Debug|Any CPU.ActiveCfg = Debug|Any CPU
		{FFEC1146-9D9C-4E5F-9EFA-3525B5C0D2ED}.Debug|Any CPU.Build.0 = Debug|Any CPU
		{FFEC1146-9D9C-4E5F-9EFA-3525B5C0D2ED}.Release|Any CPU.ActiveCfg = Release|Any CPU
		{FFEC1146-9D9C-4E5F-9EFA-3525B5C0D2ED}.Release|Any CPU.Build.0 = Release|Any CPU
	EndGlobalSection
	GlobalSection(SolutionProperties) = preSolution
		HideSolutionNode = FALSE
	EndGlobalSection
	GlobalSection(ExtensibilityGlobals) = postSolution
		SolutionGuid = {9E060CAD-9C9B-4CDF-AF52-0D70BC033C7F}
	EndGlobalSection
EndGlobal
